github.com/davecgh/go-spew v1.1.0 h1:ZDRjVQ15GmhC3fiQ8ni8+OwkZQO4DARzQgrnXU1Liz8=
github.com/davecgh/go-spew v1.1.0/go.mod h1:J7Y8YcW2NihsgmVo/mv3lAwl/skON4iLHjSsI+c5H38=
github.com/klauspost/compress v1.20.0 h1:a3C1ke2ohxFymNlb2HWAHjDeKCI90scRskErZkR0ezA=
github.com/klauspost/compress v1.20.0/go.mod h1:LUdAzn7YLVvxLpc7y3V1m40wESHTgc1422pwwBSKYuI=
github.com/libp2p/go-reuseport v0.4.0 h1:nR5KU7hD0WxXCJbmw7r2rhRYruNRl2koHw8fQscQm2s=
github.com/libp2p/go-reuseport v0.4.0/go.mod h1:ZtI03j/wO5hZVDFo2jKywN6bYKWLOy8Se6DrI2E1cLU=
github.com/petermattis/goid v0.0.0-20260820044319-269ab09b5261 h1:lcWAnrqr2nNfDiArwFNHCE4787Mw2tCdVSOXCru0/0E=
github.com/petermattis/goid v0.0.0-20260820044319-269ab09b5261/go.mod h1:pxMtw7cyUw6B2bRH0ZBANSPg+AoSud1I1iyJHI69jH4=
github.com/pmezard/go-difflib v1.0.0 h1:4DBwDE0NGyQoBHbLQYPwSUPoCMWR5BEzIk/f1lZbAQM=
github.com/pmezard/go-difflib v1.0.0/go.mod h1:iKH77koFhYxTK1pcRnkKkqfTogsbg7gZNVY4sRDYZ/4=
github.com/stretchr/testify v1.7.0 h1:nwc3DEeHmmLAfoZucVR881uASk0Mfjw8xYJ99tb5CcY=
github.com/stretchr/testify v1.7.0/go.mod h1:6Fq8oRcR53rry900zMqJjRRixrwX3KX962/h/Wwjteg=
golang.org/x/sys v0.33.0 h1:q3i8TbbEz+JRD9ywIRlyRAQbM0qF7hu24q3teo2hbuw=
golang.org/x/sys v0.33.0/go.mod h1:BJP2sWEmIv4KK5OTEluFJCKSidICx8ciO85XgH3Ak8k=
gopkg.in/yaml.v3 v3.0.0-20200313102051-9f266ea9e77c h1:dUUwHk2QECo/6vqA44rthZ8ie2QXMNeKRTHCNY2nXvo=
gopkg.in/yaml.v3 v3.0.0-20200313102051-9f266ea9e77c/go.mod h1:K4uyk7z7BCEPqu6E+C64Yfv1cQ7kz7rIZviUmN+EgEM=
