github.com/antlabs/httparser v0.0.11 h1:aV8KDf4PIKfAfiOM474bdrctiZlaFD+9vgMDJmfdTfk=
github.com/antlabs/httparser v0.0.11/go.mod h1:6F22hxlYDhStl6HI822QGB0TUNzOfBpNX5ige0gQrL4=
github.com/davecgh/go-spew v1.1.0 h1:ZDRjVQ15GmhC3fiQ8ni8+OwkZQO4DARzQgrnXU1Liz8=
github.com/davecgh/go-spew v1.1.0/go.mod h1:J7Y8YcW2NihsgmVo/mv3lAwl/skON4iLHjSsI+c5H38=
github.com/libp2p/go-reuseport v0.4.0 h1:nR5KU7hD0WxXCJbmw7r2rhRYruNRl2koHw8fQscQm2s=
github.com/libp2p/go-reuseport v0.4.0/go.mod h1:ZtI03j/wO5hZVDFo2jKywN6bYKWLOy8Se6DrI2E1cLU=
github.com/pmezard/go-difflib v1.0.0 h1:4DBwDE0NGyQoBHbLQYPwSUPoCMWR5BEzIk/f1lZbAQM=
github.com/pmezard/go-difflib v1.0.0/go.mod h1:iKH77koFhYxTK1pcRnkKkqfTogsbg7gZNVY4sRDYZ/4=
github.com/stretchr/testify v1.7.0 h1:nwc3DEeHmmLAfoZucVR881uASk0Mfjw8xYJ99tb5CcY=
github.com/stretchr/testify v1.7.0/go.mod h1:6Fq8oRcR53rry900zMqJjRRixrwX3KX962/h/Wwjteg=
github.com/urpc/uio v0.0.0-20250506164505-ab569f41e6a0 h1:TMxpaXOScIR+Dt9P1016bL7My0WS6xLld0e7P5ycEvo=
github.com/urpc/uio v0.0.0-20250506164505-ab569f41e6a0/go.mod h1:5TuLg/AIDVFyTup4Gg3mgHaHQKYnK6dS3GSP9YSYrQQ=
golang.org/x/net v0.38.0 h1:vRMAPTMaeGqVhG5QyLJHqNDwecKTomGeqbnfZyKlBI8=
golang.org/x/net v0.38.0/go.mod h1:ivrbrMbzFq5J41QOQh0siUuly180yBYtLp+CKbEaFx8=
golang.org/x/sys v0.32.0 h1:s77OFDvIQeibCmezSnk/q6iAfkdiQaJi4VzroCFrN20=
golang.org/x/sys v0.32.0/go.mod h1:BJP2sWEmIv4KK5OTEluFJCKSidICx8ciO85XgH3Ak8k=
golang.org/x/text v0.23.0 h1:D71I7dUrlY+VX0gQShAThNGHFxZ13dGLBHQLVl1mJlY=
golang.org/x/text v0.23.0/go.mod h1:/BLNzu4aZCJ1+kcD0DNRotWKage4q2rGVAg4o22unh4=
gopkg.in/yaml.v3 v3.0.0-20200313102051-9f266ea9e77c h1:dUUwHk2QECo/6vqA44rthZ8ie2QXMNeKRTHCNY2nXvo=
gopkg.in/yaml.v3 v3.0.0-20200313102051-9f266ea9e77c/go.mod h1:K4uyk7z7BCEPqu6E+C64Yfv1cQ7kz7rIZviUmN+EgEM=
